# @generated by Move, please check-in and do not edit manually.

[move]
version = 3
manifest_digest = "49FA6BD2E012290E60E49FCE91724588B0BE064A66FAABA7B2409FC470A5335D"
deps_digest = "397E6A9F7A624706DBDFEE056CE88391A15876868FD18A88504DA74EB458D697"
dependencies = [
  { id = "Bridge", name = "Bridge" },
  { id = "MoveStdlib", name = "MoveStdlib" },
  { id = "Sui", name = "Sui" },
  { id = "SuiSystem", name = "SuiSystem" },
  { id = "enclave", name = "enclave" },
]

[[move.package]]
id = "Bridge"
source = { git = "https://github.com/MystenLabs/sui.git", rev = "f63c9fc78e2171fa174dc43e757ded416c204558", subdir = "crates/sui-framework/packages/bridge" }

dependencies = [
  { id = "MoveStdlib", name = "MoveStdlib" },
  { id = "Sui", name = "Sui" },
  { id = "SuiSystem", name = "SuiSystem" },
]

[[move.package]]
id = "MoveStdlib"
source = { git = "https://github.com/MystenLabs/sui.git", rev = "f63c9fc78e2171fa174dc43e757ded416c204558", subdir = "crates/sui-framework/packages/move-stdlib" }

[[move.package]]
id = "Sui"
source = { git = "https://github.com/MystenLabs/sui.git", rev = "f63c9fc78e2171fa174dc43e757ded416c204558", subdir = "crates/sui-framework/packages/sui-framework" }

dependencies = [
  { id = "MoveStdlib", name = "MoveStdlib" },
]

[[move.package]]
id = "SuiSystem"
source = { git = "https://github.com/MystenLabs/sui.git", rev = "f63c9fc78e2171fa174dc43e757ded416c204558", subdir = "crates/sui-framework/packages/sui-system" }

dependencies = [
  { id = "MoveStdlib", name = "MoveStdlib" },
  { id = "Sui", name = "Sui" },
]

[[move.package]]
id = "enclave"
source = { local = "../enclave" }

dependencies = [
  { id = "Bridge", name = "Bridge" },
  { id = "MoveStdlib", name = "MoveStdlib" },
  { id = "Sui", name = "Sui" },
  { id = "SuiSystem", name = "SuiSystem" },
]

[move.toolchain-version]
compiler-version = "1.57.0"
edition = "2024.beta"
flavor = "sui"

[env]

[env.devnet]
chain-id = "c2bef0b2"
original-published-id = "0x73736a90ab670cc6f6e6b37c173059dbe5973cd425865195c1be41d6fcaf5c43"
latest-published-id = "0x73736a90ab670cc6f6e6b37c173059dbe5973cd425865195c1be41d6fcaf5c43"
published-version = "1"

[env.testnet]
chain-id = "4c78adac"
original-published-id = "0x82dc1ccc20ec94e7966299aa4398d9fe0333ab5c138dee5f81924b7b59ec48d8"
latest-published-id = "0x82dc1ccc20ec94e7966299aa4398d9fe0333ab5c138dee5f81924b7b59ec48d8"
published-version = "1"
