# @generated by Move, please check-in and do not edit manually.

[move]
version = 3
manifest_digest = "62B040B17E067DD084EB71C3A0D30208DEE995F4413653062EF5B4FCF67530C7"
deps_digest = "F8BBB0CCB2491CA29A3DF03D6F92277A4F3574266507ACD77214D37ECA3F3082"
dependencies = [
  { id = "Sui", name = "Sui" },
]

[[move.package]]
id = "MoveStdlib"
source = { git = "https://github.com/MystenLabs/sui.git", rev = "main", subdir = "crates/sui-framework/packages/move-stdlib" }

[[move.package]]
id = "Sui"
source = { git = "https://github.com/MystenLabs/sui.git", rev = "main", subdir = "crates/sui-framework/packages/sui-framework" }

dependencies = [
  { id = "MoveStdlib", name = "MoveStdlib" },
]

[move.toolchain-version]
compiler-version = "1.61.1"
edition = "2024"
flavor = "sui"

[env]

[env.testnet]
chain-id = "4c78adac"
original-published-id = "0x8fd956531c763b9d557b69705b142b881989e0cc4f02f20e6a01cf1d52b557d2"
latest-published-id = "0x8fd956531c763b9d557b69705b142b881989e0cc4f02f20e6a01cf1d52b557d2"
published-version = "1"
